
Microsoft Visual Studio Solution File, Format Version 12.00
# Visual Studio Version 16
VisualStudioVersion = 16.0.31729.503
MinimumVisualStudioVersion = 10.0.40219.1
Project("{FAE04EC0-301F-11D3-BF4B-00C04F79EFBC}") = "Gateway", "Gateway\Gateway.csproj", "{811DE9D2-C54B-485D-9B45-17C1496C8068}"
EndProject
Global
	GlobalSection(SolutionConfigurationPlatforms) = preSolution
		Debug|Any CPU = Debug|Any CPU
		Release|Any CPU = Release|Any CPU
	EndGlobalSection
	GlobalSection(ProjectConfigurationPlatforms) = postSolution
		{811DE9D2-C54B-485D-9B45-17C1496C8068}.Debug|Any CPU.ActiveCfg = Debug|Any CPU
		{811DE9D2-C54B-485D-9B45-17C1496C8068}.Debug|Any CPU.Build.0 = Debug|Any CPU
		{811DE9D2-C54B-485D-9B45-17C1496C8068}.Release|Any CPU.ActiveCfg = Release|Any CPU
		{811DE9D2-C54B-485D-9B45-17C1496C8068}.Release|Any CPU.Build.0 = Release|Any CPU
	EndGlobalSection
	GlobalSection(SolutionProperties) = preSolution
		HideSolutionNode = FALSE
	EndGlobalSection
	GlobalSection(ExtensibilityGlobals) = postSolution
		SolutionGuid = {847B95DB-144F-4E29-AE6E-21CB65A27888}
	EndGlobalSection
EndGlobal
